// !$*UTF8*$!
{
	archiveVersion = 1;
	classes = {
	};
	objectVersion = 48;
	objects = {

/* Begin PBXBuildFile section */
		1602B81D2048173000753BFB /* GoogleService-Info.plist in Resources */ = {isa = PBXBuildFile; fileRef = 1602B81C2048173000753BFB /* GoogleService-Info.plist */; };
		1602B81F20481AF100753BFB /* DataService.swift in Sources */ = {isa = PBXBuildFile; fileRef = 1602B81E20481AF100753BFB /* DataService.swift */; };
		160CE5142049537800913050 /* MeVC.swift in Sources */ = {isa = PBXBuildFile; fileRef = 160CE5132049537800913050 /* MeVC.swift */; };
		160CE516204965E300913050 /* CreatePostVC.swift in Sources */ = {isa = PBXBuildFile; fileRef = 160CE515204965E300913050 /* CreatePostVC.swift */; };
		160CE5182049681200913050 /* UIViewExt.swift in Sources */ = {isa = PBXBuildFile; fileRef = 160CE5172049681200913050 /* UIViewExt.swift */; };
		160CE51A204968A200913050 /* UIViewControllerExt.swift in Sources */ = {isa = PBXBuildFile; fileRef = 160CE519204968A200913050 /* UIViewControllerExt.swift */; };
		160CE51C2049721B00913050 /* FeedCell.swift in Sources */ = {isa = PBXBuildFile; fileRef = 160CE51B2049721B00913050 /* FeedCell.swift */; };
		160CE51E2049730D00913050 /* Message.swift in Sources */ = {isa = PBXBuildFile; fileRef = 160CE51D2049730D00913050 /* Message.swift */; };
		160CE5202049732F00913050 /* Group.swift in Sources */ = {isa = PBXBuildFile; fileRef = 160CE51F2049732F00913050 /* Group.swift */; };
		161EA98720480A9C00DC9F01 /* AppDelegate.swift in Sources */ = {isa = PBXBuildFile; fileRef = 161EA98620480A9C00DC9F01 /* AppDelegate.swift */; };
		161EA98920480A9C00DC9F01 /* FeedVC.swift in Sources */ = {isa = PBXBuildFile; fileRef = 161EA98820480A9C00DC9F01 /* FeedVC.swift */; };
		161EA98B20480A9C00DC9F01 /* GroupsVC.swift in Sources */ = {isa = PBXBuildFile; fileRef = 161EA98A20480A9C00DC9F01 /* GroupsVC.swift */; };
		161EA98E20480A9D00DC9F01 /* Main.storyboard in Resources */ = {isa = PBXBuildFile; fileRef = 161EA98C20480A9D00DC9F01 /* Main.storyboard */; };
		161EA99020480A9D00DC9F01 /* Assets.xcassets in Resources */ = {isa = PBXBuildFile; fileRef = 161EA98F20480A9D00DC9F01 /* Assets.xcassets */; };
		161EA99320480A9D00DC9F01 /* LaunchScreen.storyboard in Resources */ = {isa = PBXBuildFile; fileRef = 161EA99120480A9D00DC9F01 /* LaunchScreen.storyboard */; };
		161F68562048B79700AB089A /* AuthVC.swift in Sources */ = {isa = PBXBuildFile; fileRef = 161F68552048B79700AB089A /* AuthVC.swift */; };
		161F68582048C0AF00AB089A /* LoginVC.swift in Sources */ = {isa = PBXBuildFile; fileRef = 161F68572048C0AF00AB089A /* LoginVC.swift */; };
		161F685A2048C11000AB089A /* InsetTextField.swift in Sources */ = {isa = PBXBuildFile; fileRef = 161F68592048C11000AB089A /* InsetTextField.swift */; };
		161F685C2048CBAF00AB089A /* ShadowView.swift in Sources */ = {isa = PBXBuildFile; fileRef = 161F685B2048CBAF00AB089A /* ShadowView.swift */; };
		161F685E2048CD1F00AB089A /* AuthService.swift in Sources */ = {isa = PBXBuildFile; fileRef = 161F685D2048CD1F00AB089A /* AuthService.swift */; };
		72F9479375878D7138438C45 /* Pods_BreakPoint.framework in Frameworks */ = {isa = PBXBuildFile; fileRef = B95ECF2C6C22F73DC7FD1840 /* Pods_BreakPoint.framework */; };
/* End PBXBuildFile section */

/* Begin PBXFileReference section */
		1602B81C2048173000753BFB /* GoogleService-Info.plist */ = {isa = PBXFileReference; fileEncoding = 4; lastKnownFileType = text.plist.xml; path = "GoogleService-Info.plist"; sourceTree = "<group>"; };
		1602B81E20481AF100753BFB /* DataService.swift */ = {isa = PBXFileReference; lastKnownFileType = sourcecode.swift; path = DataService.swift; sourceTree = "<group>"; };
		160CE5132049537800913050 /* MeVC.swift */ = {isa = PBXFileReference; lastKnownFileType = sourcecode.swift; path = MeVC.swift; sourceTree = "<group>"; };
		160CE515204965E300913050 /* CreatePostVC.swift */ = {isa = PBXFileReference; lastKnownFileType = sourcecode.swift; path = CreatePostVC.swift; sourceTree = "<group>"; };
		160CE5172049681200913050 /* UIViewExt.swift */ = {isa = PBXFileReference; lastKnownFileType = sourcecode.swift; path = UIViewExt.swift; sourceTree = "<group>"; };
		160CE519204968A200913050 /* UIViewControllerExt.swift */ = {isa = PBXFileReference; lastKnownFileType = sourcecode.swift; path = UIViewControllerExt.swift; sourceTree = "<group>"; };
		160CE51B2049721B00913050 /* FeedCell.swift */ = {isa = PBXFileReference; lastKnownFileType = sourcecode.swift; path = FeedCell.swift; sourceTree = "<group>"; };
		160CE51D2049730D00913050 /* Message.swift */ = {isa = PBXFileReference; lastKnownFileType = sourcecode.swift; path = Message.swift; sourceTree = "<group>"; };
		160CE51F2049732F00913050 /* Group.swift */ = {isa = PBXFileReference; lastKnownFileType = sourcecode.swift; path = Group.swift; sourceTree = "<group>"; };
		161EA98320480A9C00DC9F01 /* BreakPoint.app */ = {isa = PBXFileReference; explicitFileType = wrapper.application; includeInIndex = 0; path = BreakPoint.app; sourceTree = BUILT_PRODUCTS_DIR; };
		161EA98620480A9C00DC9F01 /* AppDelegate.swift */ = {isa = PBXFileReference; lastKnownFileType = sourcecode.swift; path = AppDelegate.swift; sourceTree = "<group>"; };
		161EA98820480A9C00DC9F01 /* FeedVC.swift */ = {isa = PBXFileReference; lastKnownFileType = sourcecode.swift; path = FeedVC.swift; sourceTree = "<group>"; };
		161EA98A20480A9C00DC9F01 /* GroupsVC.swift */ = {isa = PBXFileReference; lastKnownFileType = sourcecode.swift; path = GroupsVC.swift; sourceTree = "<group>"; };
		161EA98D20480A9D00DC9F01 /* Base */ = {isa = PBXFileReference; lastKnownFileType = file.storyboard; name = Base; path = Base.lproj/Main.storyboard; sourceTree = "<group>"; };
		161EA98F20480A9D00DC9F01 /* Assets.xcassets */ = {isa = PBXFileReference; lastKnownFileType = folder.assetcatalog; path = Assets.xcassets; sourceTree = "<group>"; };
		161EA99220480A9D00DC9F01 /* Base */ = {isa = PBXFileReference; lastKnownFileType = file.storyboard; name = Base; path = Base.lproj/LaunchScreen.storyboard; sourceTree = "<group>"; };
		161EA99420480A9D00DC9F01 /* Info.plist */ = {isa = PBXFileReference; lastKnownFileType = text.plist.xml; path = Info.plist; sourceTree = "<group>"; };
		161F68552048B79700AB089A /* AuthVC.swift */ = {isa = PBXFileReference; lastKnownFileType = sourcecode.swift; path = AuthVC.swift; sourceTree = "<group>"; };
		161F68572048C0AF00AB089A /* LoginVC.swift */ = {isa = PBXFileReference; lastKnownFileType = sourcecode.swift; path = LoginVC.swift; sourceTree = "<group>"; };
		161F68592048C11000AB089A /* InsetTextField.swift */ = {isa = PBXFileReference; lastKnownFileType = sourcecode.swift; path = InsetTextField.swift; sourceTree = "<group>"; };
		161F685B2048CBAF00AB089A /* ShadowView.swift */ = {isa = PBXFileReference; lastKnownFileType = sourcecode.swift; path = ShadowView.swift; sourceTree = "<group>"; };
		161F685D2048CD1F00AB089A /* AuthService.swift */ = {isa = PBXFileReference; lastKnownFileType = sourcecode.swift; path = AuthService.swift; sourceTree = "<group>"; };
		2F60FE862BE255C4EEE6C997 /* Pods-BreakPoint.debug.xcconfig */ = {isa = PBXFileReference; includeInIndex = 1; lastKnownFileType = text.xcconfig; name = "Pods-BreakPoint.debug.xcconfig"; path = "Pods/Target Support Files/Pods-BreakPoint/Pods-BreakPoint.debug.xcconfig"; sourceTree = "<group>"; };
		89B724B35B72C87DF02C919B /* Pods-BreakPoint.release.xcconfig */ = {isa = PBXFileReference; includeInIndex = 1; lastKnownFileType = text.xcconfig; name = "Pods-BreakPoint.release.xcconfig"; path = "Pods/Target Support Files/Pods-BreakPoint/Pods-BreakPoint.release.xcconfig"; sourceTree = "<group>"; };
		B95ECF2C6C22F73DC7FD1840 /* Pods_BreakPoint.framework */ = {isa = PBXFileReference; explicitFileType = wrapper.framework; includeInIndex = 0; path = Pods_BreakPoint.framework; sourceTree = BUILT_PRODUCTS_DIR; };
/* End PBXFileReference section */

/* Begin PBXFrameworksBuildPhase section */
		161EA98020480A9C00DC9F01 /* Frameworks */ = {
			isa = PBXFrameworksBuildPhase;
			buildActionMask = 2147483647;
			files = (
				72F9479375878D7138438C45 /* Pods_BreakPoint.framework in Frameworks */,
			);
			runOnlyForDeploymentPostprocessing = 0;
		};
/* End PBXFrameworksBuildPhase section */

/* Begin PBXGroup section */
		12F765112BE9BFECBC822A1A /* Frameworks */ = {
			isa = PBXGroup;
			children = (
				B95ECF2C6C22F73DC7FD1840 /* Pods_BreakPoint.framework */,
			);
			name = Frameworks;
			sourceTree = "<group>";
		};
		161EA97A20480A9C00DC9F01 = {
			isa = PBXGroup;
			children = (
				161EA98520480A9C00DC9F01 /* BreakPoint */,
				161EA98420480A9C00DC9F01 /* Products */,
				57F60BA95CC653BC3DFF1F1D /* Pods */,
				12F765112BE9BFECBC822A1A /* Frameworks */,
			);
			sourceTree = "<group>";
		};
		161EA98420480A9C00DC9F01 /* Products */ = {
			isa = PBXGroup;
			children = (
				161EA98320480A9C00DC9F01 /* BreakPoint.app */,
			);
			name = Products;
			sourceTree = "<group>";
		};
		161EA98520480A9C00DC9F01 /* BreakPoint */ = {
			isa = PBXGroup;
			children = (
				161EA99E20480B1D00DC9F01 /* Services */,
				161EA99D20480AE800DC9F01 /* Extensions */,
				161EA99C20480ADF00DC9F01 /* Controller */,
				161EA99B20480AD300DC9F01 /* View */,
				161EA99A20480AC300DC9F01 /* Model */,
				161EA98620480A9C00DC9F01 /* AppDelegate.swift */,
				161EA98C20480A9D00DC9F01 /* Main.storyboard */,
				161EA98F20480A9D00DC9F01 /* Assets.xcassets */,
				161EA99120480A9D00DC9F01 /* LaunchScreen.storyboard */,
				161EA99420480A9D00DC9F01 /* Info.plist */,
				1602B81C2048173000753BFB /* GoogleService-Info.plist */,
			);
			path = BreakPoint;
			sourceTree = "<group>";
		};
		161EA99A20480AC300DC9F01 /* Model */ = {
			isa = PBXGroup;
			children = (
				160CE51D2049730D00913050 /* Message.swift */,
				160CE51F2049732F00913050 /* Group.swift */,
			);
			path = Model;
			sourceTree = "<group>";
		};
		161EA99B20480AD300DC9F01 /* View */ = {
			isa = PBXGroup;
			children = (
				161F68592048C11000AB089A /* InsetTextField.swift */,
				161F685B2048CBAF00AB089A /* ShadowView.swift */,
				160CE51B2049721B00913050 /* FeedCell.swift */,
			);
			path = View;
			sourceTree = "<group>";
		};
		161EA99C20480ADF00DC9F01 /* Controller */ = {
			isa = PBXGroup;
			children = (
				161F68552048B79700AB089A /* AuthVC.swift */,
				161F68572048C0AF00AB089A /* LoginVC.swift */,
				161EA98820480A9C00DC9F01 /* FeedVC.swift */,
				161EA98A20480A9C00DC9F01 /* GroupsVC.swift */,
				160CE5132049537800913050 /* MeVC.swift */,
				160CE515204965E300913050 /* CreatePostVC.swift */,
			);
			path = Controller;
			sourceTree = "<group>";
		};
		161EA99D20480AE800DC9F01 /* Extensions */ = {
			isa = PBXGroup;
			children = (
				160CE5172049681200913050 /* UIViewExt.swift */,
				160CE519204968A200913050 /* UIViewControllerExt.swift */,
			);
			path = Extensions;
			sourceTree = "<group>";
		};
		161EA99E20480B1D00DC9F01 /* Services */ = {
			isa = PBXGroup;
			children = (
				1602B81E20481AF100753BFB /* DataService.swift */,
				161F685D2048CD1F00AB089A /* AuthService.swift */,
			);
			path = Services;
			sourceTree = "<group>";
		};
		57F60BA95CC653BC3DFF1F1D /* Pods */ = {
			isa = PBXGroup;
			children = (
				2F60FE862BE255C4EEE6C997 /* Pods-BreakPoint.debug.xcconfig */,
				89B724B35B72C87DF02C919B /* Pods-BreakPoint.release.xcconfig */,
			);
			name = Pods;
			sourceTree = "<group>";
		};
/* End PBXGroup section */

/* Begin PBXNativeTarget section */
		161EA98220480A9C00DC9F01 /* BreakPoint */ = {
			isa = PBXNativeTarget;
			buildConfigurationList = 161EA99720480A9D00DC9F01 /* Build configuration list for PBXNativeTarget "BreakPoint" */;
			buildPhases = (
				18C50CECE748409A4E83627E /* [CP] Check Pods Manifest.lock */,
				161EA97F20480A9C00DC9F01 /* Sources */,
				161EA98020480A9C00DC9F01 /* Frameworks */,
				161EA98120480A9C00DC9F01 /* Resources */,
				D08EE186A716501CAF4013D9 /* [CP] Embed Pods Frameworks */,
				894F1716C9E3F43BD0755420 /* [CP] Copy Pods Resources */,
			);
			buildRules = (
			);
			dependencies = (
			);
			name = BreakPoint;
			productName = BreakPoint;
			productReference = 161EA98320480A9C00DC9F01 /* BreakPoint.app */;
			productType = "com.apple.product-type.application";
		};
/* End PBXNativeTarget section */

/* Begin PBXProject section */
		161EA97B20480A9C00DC9F01 /* Project object */ = {
			isa = PBXProject;
			attributes = {
				LastSwiftUpdateCheck = 0910;
				LastUpgradeCheck = 0910;
				ORGANIZATIONNAME = sayedAbdo;
				TargetAttributes = {
					161EA98220480A9C00DC9F01 = {
						CreatedOnToolsVersion = 9.1;
						ProvisioningStyle = Automatic;
					};
				};
			};
			buildConfigurationList = 161EA97E20480A9C00DC9F01 /* Build configuration list for PBXProject "BreakPoint" */;
			compatibilityVersion = "Xcode 8.0";
			developmentRegion = en;
			hasScannedForEncodings = 0;
			knownRegions = (
				en,
				Base,
			);
			mainGroup = 161EA97A20480A9C00DC9F01;
			productRefGroup = 161EA98420480A9C00DC9F01 /* Products */;
			projectDirPath = "";
			projectRoot = "";
			targets = (
				161EA98220480A9C00DC9F01 /* BreakPoint */,
			);
		};
/* End PBXProject section */

/* Begin PBXResourcesBuildPhase section */
		161EA98120480A9C00DC9F01 /* Resources */ = {
			isa = PBXResourcesBuildPhase;
			buildActionMask = 2147483647;
			files = (
				161EA99320480A9D00DC9F01 /* LaunchScreen.storyboard in Resources */,
				1602B81D2048173000753BFB /* GoogleService-Info.plist in Resources */,
				161EA99020480A9D00DC9F01 /* Assets.xcassets in Resources */,
				161EA98E20480A9D00DC9F01 /* Main.storyboard in Resources */,
			);
			runOnlyForDeploymentPostprocessing = 0;
		};
/* End PBXResourcesBuildPhase section */

/* Begin PBXShellScriptBuildPhase section */
		18C50CECE748409A4E83627E /* [CP] Check Pods Manifest.lock */ = {
			isa = PBXShellScriptBuildPhase;
			buildActionMask = 2147483647;
			files = (
			);
			inputPaths = (
				"${PODS_PODFILE_DIR_PATH}/Podfile.lock",
				"${PODS_ROOT}/Manifest.lock",
			);
			name = "[CP] Check Pods Manifest.lock";
			outputPaths = (
				"$(DERIVED_FILE_DIR)/Pods-BreakPoint-checkManifestLockResult.txt",
			);
			runOnlyForDeploymentPostprocessing = 0;
			shellPath = /bin/sh;
			shellScript = "diff \"${PODS_PODFILE_DIR_PATH}/Podfile.lock\" \"${PODS_ROOT}/Manifest.lock\" > /dev/null\nif [ $? != 0 ] ; then\n    # print error to STDERR\n    echo \"error: The sandbox is not in sync with the Podfile.lock. Run 'pod install' or update your CocoaPods installation.\" >&2\n    exit 1\nfi\n# This output is used by Xcode 'outputs' to avoid re-running this script phase.\necho \"SUCCESS\" > \"${SCRIPT_OUTPUT_FILE_0}\"\n";
			showEnvVarsInLog = 0;
		};
		894F1716C9E3F43BD0755420 /* [CP] Copy Pods Resources */ = {
			isa = PBXShellScriptBuildPhase;
			buildActionMask = 2147483647;
			files = (
			);
			inputPaths = (
			);
			name = "[CP] Copy Pods Resources";
			outputPaths = (
			);
			runOnlyForDeploymentPostprocessing = 0;
			shellPath = /bin/sh;
			shellScript = "\"${SRCROOT}/Pods/Target Support Files/Pods-BreakPoint/Pods-BreakPoint-resources.sh\"\n";
			showEnvVarsInLog = 0;
		};
		D08EE186A716501CAF4013D9 /* [CP] Embed Pods Frameworks */ = {
			isa = PBXShellScriptBuildPhase;
			buildActionMask = 2147483647;
			files = (
			);
			inputPaths = (
				"${SRCROOT}/Pods/Target Support Files/Pods-BreakPoint/Pods-BreakPoint-frameworks.sh",
				"${BUILT_PRODUCTS_DIR}/GTMSessionFetcher/GTMSessionFetcher.framework",
				"${BUILT_PRODUCTS_DIR}/GoogleToolboxForMac/GoogleToolboxForMac.framework",
				"${BUILT_PRODUCTS_DIR}/leveldb-library/leveldb.framework",
				"${BUILT_PRODUCTS_DIR}/nanopb/nanopb.framework",
			);
			name = "[CP] Embed Pods Frameworks";
			outputPaths = (
				"${TARGET_BUILD_DIR}/${FRAMEWORKS_FOLDER_PATH}/GTMSessionFetcher.framework",
				"${TARGET_BUILD_DIR}/${FRAMEWORKS_FOLDER_PATH}/GoogleToolboxForMac.framework",
				"${TARGET_BUILD_DIR}/${FRAMEWORKS_FOLDER_PATH}/leveldb.framework",
				"${TARGET_BUILD_DIR}/${FRAMEWORKS_FOLDER_PATH}/nanopb.framework",
			);
			runOnlyForDeploymentPostprocessing = 0;
			shellPath = /bin/sh;
			shellScript = "\"${SRCROOT}/Pods/Target Support Files/Pods-BreakPoint/Pods-BreakPoint-frameworks.sh\"\n";
			showEnvVarsInLog = 0;
		};
/* End PBXShellScriptBuildPhase section */

/* Begin PBXSourcesBuildPhase section */
		161EA97F20480A9C00DC9F01 /* Sources */ = {
			isa = PBXSourcesBuildPhase;
			buildActionMask = 2147483647;
			files = (
				160CE5182049681200913050 /* UIViewExt.swift in Sources */,
				160CE5142049537800913050 /* MeVC.swift in Sources */,
				161F68562048B79700AB089A /* AuthVC.swift in Sources */,
				160CE5202049732F00913050 /* Group.swift in Sources */,
				161EA98B20480A9C00DC9F01 /* GroupsVC.swift in Sources */,
				161F68582048C0AF00AB089A /* LoginVC.swift in Sources */,
				161F685E2048CD1F00AB089A /* AuthService.swift in Sources */,
				161EA98720480A9C00DC9F01 /* AppDelegate.swift in Sources */,
				160CE51C2049721B00913050 /* FeedCell.swift in Sources */,
				161F685C2048CBAF00AB089A /* ShadowView.swift in Sources */,
				160CE516204965E300913050 /* CreatePostVC.swift in Sources */,
				160CE51A204968A200913050 /* UIViewControllerExt.swift in Sources */,
				161EA98920480A9C00DC9F01 /* FeedVC.swift in Sources */,
				160CE51E2049730D00913050 /* Message.swift in Sources */,
				161F685A2048C11000AB089A /* InsetTextField.swift in Sources */,
				1602B81F20481AF100753BFB /* DataService.swift in Sources */,
			);
			runOnlyForDeploymentPostprocessing = 0;
		};
/* End PBXSourcesBuildPhase section */

/* Begin PBXVariantGroup section */
		161EA98C20480A9D00DC9F01 /* Main.storyboard */ = {
			isa = PBXVariantGroup;
			children = (
				161EA98D20480A9D00DC9F01 /* Base */,
			);
			name = Main.storyboard;
			sourceTree = "<group>";
		};
		161EA99120480A9D00DC9F01 /* LaunchScreen.storyboard */ = {
			isa = PBXVariantGroup;
			children = (
				161EA99220480A9D00DC9F01 /* Base */,
			);
			name = LaunchScreen.storyboard;
			sourceTree = "<group>";
		};
/* End PBXVariantGroup section */

/* Begin XCBuildConfiguration section */
		161EA99520480A9D00DC9F01 /* Debug */ = {
			isa = XCBuildConfiguration;
			buildSettings = {
				ALWAYS_SEARCH_USER_PATHS = NO;
				CLANG_ANALYZER_NONNULL = YES;
				CLANG_ANALYZER_NUMBER_OBJECT_CONVERSION = YES_AGGRESSIVE;
				CLANG_CXX_LANGUAGE_STANDARD = "gnu++14";
				CLANG_CXX_LIBRARY = "libc++";
				CLANG_ENABLE_MODULES = YES;
				CLANG_ENABLE_OBJC_ARC = YES;
				CLANG_WARN_BLOCK_CAPTURE_AUTORELEASING = YES;
				CLANG_WARN_BOOL_CONVERSION = YES;
				CLANG_WARN_COMMA = YES;
				CLANG_WARN_CONSTANT_CONVERSION = YES;
				CLANG_WARN_DIRECT_OBJC_ISA_USAGE = YES_ERROR;
				CLANG_WARN_DOCUMENTATION_COMMENTS = YES;
				CLANG_WARN_EMPTY_BODY = YES;
				CLANG_WARN_ENUM_CONVERSION = YES;
				CLANG_WARN_INFINITE_RECURSION = YES;
				CLANG_WARN_INT_CONVERSION = YES;
				CLANG_WARN_NON_LITERAL_NULL_CONVERSION = YES;
				CLANG_WARN_OBJC_LITERAL_CONVERSION = YES;
				CLANG_WARN_OBJC_ROOT_CLASS = YES_ERROR;
				CLANG_WARN_RANGE_LOOP_ANALYSIS = YES;
				CLANG_WARN_STRICT_PROTOTYPES = YES;
				CLANG_WARN_SUSPICIOUS_MOVE = YES;
				CLANG_WARN_UNGUARDED_AVAILABILITY = YES_AGGRESSIVE;
				CLANG_WARN_UNREACHABLE_CODE = YES;
				CLANG_WARN__DUPLICATE_METHOD_MATCH = YES;
				CODE_SIGN_IDENTITY = "iPhone Developer";
				COPY_PHASE_STRIP = NO;
				DEBUG_INFORMATION_FORMAT = dwarf;
				ENABLE_STRICT_OBJC_MSGSEND = YES;
				ENABLE_TESTABILITY = YES;
				GCC_C_LANGUAGE_STANDARD = gnu11;
				GCC_DYNAMIC_NO_PIC = NO;
				GCC_NO_COMMON_BLOCKS = YES;
				GCC_OPTIMIZATION_LEVEL = 0;
				GCC_PREPROCESSOR_DEFINITIONS = (
					"DEBUG=1",
					"$(inherited)",
				);
				GCC_WARN_64_TO_32_BIT_CONVERSION = YES;
				GCC_WARN_ABOUT_RETURN_TYPE = YES_ERROR;
				GCC_WARN_UNDECLARED_SELECTOR = YES;
				GCC_WARN_UNINITIALIZED_AUTOS = YES_AGGRESSIVE;
				GCC_WARN_UNUSED_FUNCTION = YES;
				GCC_WARN_UNUSED_VARIABLE = YES;
				IPHONEOS_DEPLOYMENT_TARGET = 11.1;
				MTL_ENABLE_DEBUG_INFO = YES;
				ONLY_ACTIVE_ARCH = YES;
				SDKROOT = iphoneos;
				SWIFT_ACTIVE_COMPILATION_CONDITIONS = DEBUG;
				SWIFT_OPTIMIZATION_LEVEL = "-Onone";
			};
			name = Debug;
		};
		161EA99620480A9D00DC9F01 /* Release */ = {
			isa = XCBuildConfiguration;
			buildSettings = {
				ALWAYS_SEARCH_USER_PATHS = NO;
				CLANG_ANALYZER_NONNULL = YES;
				CLANG_ANALYZER_NUMBER_OBJECT_CONVERSION = YES_AGGRESSIVE;
				CLANG_CXX_LANGUAGE_STANDARD = "gnu++14";
				CLANG_CXX_LIBRARY = "libc++";
				CLANG_ENABLE_MODULES = YES;
				CLANG_ENABLE_OBJC_ARC = YES;
				CLANG_WARN_BLOCK_CAPTURE_AUTORELEASING = YES;
				CLANG_WARN_BOOL_CONVERSION = YES;
				CLANG_WARN_COMMA = YES;
				CLANG_WARN_CONSTANT_CONVERSION = YES;
				CLANG_WARN_DIRECT_OBJC_ISA_USAGE = YES_ERROR;
				CLANG_WARN_DOCUMENTATION_COMMENTS = YES;
				CLANG_WARN_EMPTY_BODY = YES;
				CLANG_WARN_ENUM_CONVERSION = YES;
				CLANG_WARN_INFINITE_RECURSION = YES;
				CLANG_WARN_INT_CONVERSION = YES;
				CLANG_WARN_NON_LITERAL_NULL_CONVERSION = YES;
				CLANG_WARN_OBJC_LITERAL_CONVERSION = YES;
				CLANG_WARN_OBJC_ROOT_CLASS = YES_ERROR;
				CLANG_WARN_RANGE_LOOP_ANALYSIS = YES;
				CLANG_WARN_STRICT_PROTOTYPES = YES;
				CLANG_WARN_SUSPICIOUS_MOVE = YES;
				CLANG_WARN_UNGUARDED_AVAILABILITY = YES_AGGRESSIVE;
				CLANG_WARN_UNREACHABLE_CODE = YES;
				CLANG_WARN__DUPLICATE_METHOD_MATCH = YES;
				CODE_SIGN_IDENTITY = "iPhone Developer";
				COPY_PHASE_STRIP = NO;
				DEBUG_INFORMATION_FORMAT = "dwarf-with-dsym";
				ENABLE_NS_ASSERTIONS = NO;
				ENABLE_STRICT_OBJC_MSGSEND = YES;
				GCC_C_LANGUAGE_STANDARD = gnu11;
				GCC_NO_COMMON_BLOCKS = YES;
				GCC_WARN_64_TO_32_BIT_CONVERSION = YES;
				GCC_WARN_ABOUT_RETURN_TYPE = YES_ERROR;
				GCC_WARN_UNDECLARED_SELECTOR = YES;
				GCC_WARN_UNINITIALIZED_AUTOS = YES_AGGRESSIVE;
				GCC_WARN_UNUSED_FUNCTION = YES;
				GCC_WARN_UNUSED_VARIABLE = YES;
				IPHONEOS_DEPLOYMENT_TARGET = 11.1;
				MTL_ENABLE_DEBUG_INFO = NO;
				SDKROOT = iphoneos;
				SWIFT_OPTIMIZATION_LEVEL = "-Owholemodule";
				VALIDATE_PRODUCT = YES;
			};
			name = Release;
		};
		161EA99820480A9D00DC9F01 /* Debug */ = {
			isa = XCBuildConfiguration;
			baseConfigurationReference = 2F60FE862BE255C4EEE6C997 /* Pods-BreakPoint.debug.xcconfig */;
			buildSettings = {
				ASSETCATALOG_COMPILER_APPICON_NAME = AppIcon;
				CODE_SIGN_STYLE = Automatic;
				DEVELOPMENT_TEAM = 9485R43S33;
				INFOPLIST_FILE = BreakPoint/Info.plist;
				LD_RUNPATH_SEARCH_PATHS = "$(inherited) @executable_path/Frameworks";
				PRODUCT_BUNDLE_IDENTIFIER = Sayed.abdo.BreakPoint;
				PRODUCT_NAME = "$(TARGET_NAME)";
				SWIFT_VERSION = 4.0;
				TARGETED_DEVICE_FAMILY = "1,2";
			};
			name = Debug;
		};
		161EA99920480A9D00DC9F01 /* Release */ = {
			isa = XCBuildConfiguration;
			baseConfigurationReference = 89B724B35B72C87DF02C919B /* Pods-BreakPoint.release.xcconfig */;
			buildSettings = {
				ASSETCATALOG_COMPILER_APPICON_NAME = AppIcon;
				CODE_SIGN_STYLE = Automatic;
				DEVELOPMENT_TEAM = 9485R43S33;
				INFOPLIST_FILE = BreakPoint/Info.plist;
				LD_RUNPATH_SEARCH_PATHS = "$(inherited) @executable_path/Frameworks";
				PRODUCT_BUNDLE_IDENTIFIER = Sayed.abdo.BreakPoint;
				PRODUCT_NAME = "$(TARGET_NAME)";
				SWIFT_VERSION = 4.0;
				TARGETED_DEVICE_FAMILY = "1,2";
			};
			name = Release;
		};
/* End XCBuildConfiguration section */

/* Begin XCConfigurationList section */
		161EA97E20480A9C00DC9F01 /* Build configuration list for PBXProject "BreakPoint" */ = {
			isa = XCConfigurationList;
			buildConfigurations = (
				161EA99520480A9D00DC9F01 /* Debug */,
				161EA99620480A9D00DC9F01 /* Release */,
			);
			defaultConfigurationIsVisible = 0;
			defaultConfigurationName = Release;
		};
		161EA99720480A9D00DC9F01 /* Build configuration list for PBXNativeTarget "BreakPoint" */ = {
			isa = XCConfigurationList;
			buildConfigurations = (
				161EA99820480A9D00DC9F01 /* Debug */,
				161EA99920480A9D00DC9F01 /* Release */,
			);
			defaultConfigurationIsVisible = 0;
			defaultConfigurationName = Release;
		};
/* End XCConfigurationList section */
	};
	rootObject = 161EA97B20480A9C00DC9F01 /* Project object */;
}
